
Microsoft Visual Studio Solution File, Format Version 12.00
# Visual Studio 15
VisualStudioVersion = 15.0.27004.2005
MinimumVisualStudioVersion = 10.0.40219.1
Project("{FAE04EC0-301F-11D3-BF4B-00C04F79EFBC}") = "App", "App\App.csproj", "{440041F2-DAA4-41C9-A8E7-D1121DDD55FE}"
EndProject
Global
	GlobalSection(SolutionConfigurationPlatforms) = preSolution
		Debug|Any CPU = Debug|Any CPU
		Release|Any CPU = Release|Any CPU
	EndGlobalSection
	GlobalSection(ProjectConfigurationPlatforms) = postSolution
		{440041F2-DAA4-41C9-A8E7-D1121DDD55FE}.Debug|Any CPU.ActiveCfg = Debug|Any CPU
		{440041F2-DAA4-41C9-A8E7-D1121DDD55FE}.Debug|Any CPU.Build.0 = Debug|Any CPU
		{440041F2-DAA4-41C9-A8E7-D1121DDD55FE}.Release|Any CPU.ActiveCfg = Release|Any CPU
		{440041F2-DAA4-41C9-A8E7-D1121DDD55FE}.Release|Any CPU.Build.0 = Release|Any CPU
	EndGlobalSection
	GlobalSection(SolutionProperties) = preSolution
		HideSolutionNode = FALSE
	EndGlobalSection
	GlobalSection(ExtensibilityGlobals) = postSolution
		SolutionGuid = {34EFD9B6-93E4-4206-96CC-9A9CAADC3E64}
	EndGlobalSection
EndGlobal
